PODS:
  - Eureka (4.1.1)
  - UIColor_Hex_Swift (4.2.0)

DEPENDENCIES:
  - Eureka (~> 4.1.0)
  - UIColor_Hex_Swift

SPEC REPOS:
  https://github.com/cocoapods/specs.git:
    - Eureka
    - UIColor_Hex_Swift

SPEC CHECKSUMS:
  Eureka: b88fb930e42c79f8c03c373d0fcdc28c1d6c50ed
  UIColor_Hex_Swift: bc07fc197421ee896b9ed6dcfa2054b7fbf75145

PODFILE CHECKSUM: de47075ab7c530d76f2ac35daa520d460a95b0b7

COCOAPODS: 1.5.3
