PODS:
  - Eureka (3.0.0)
  - UIColor_Hex_Swift (3.0.2)

DEPENDENCIES:
  - Eureka (from `https://github.com/xmartlabs/Eureka.git`, branch `master`)
  - UIColor_Hex_Swift (~> 3.0.2)

EXTERNAL SOURCES:
  Eureka:
    :branch: master
    :git: https://github.com/xmartlabs/Eureka.git

CHECKOUT OPTIONS:
  Eureka:
    :commit: 77cb04f587a4e83f28ad5f3174f6f8f6c086b524
    :git: https://github.com/xmartlabs/Eureka.git

SPEC CHECKSUMS:
  Eureka: 5b9418d7bfdc21ca977d69d124a6409f3e9af2c7
  UIColor_Hex_Swift: 95f718452092a3efc8a827dffd2c04d3237be02d

PODFILE CHECKSUM: af7f6296626bb44cb5f6bedfacf378f45aa2c098

COCOAPODS: 1.2.0
